
Microsoft Visual Studio Solution File, Format Version 11.00
# Visual Studio 2010
Project("{F2A71F9B-5D33-465A-A702-920D77279786}") = "NagoyaFSharp", "NagoyaFSharp\NagoyaFSharp.fsproj", "{5029B4C4-858D-4384-8096-A7B762098148}"
EndProject
Project("{F2A71F9B-5D33-465A-A702-920D77279786}") = "NagoyaFSharp.Scenario", "NagoyaFSharp.Scenario\NagoyaFSharp.Scenario.fsproj", "{113AEAD2-8CFD-41EE-8BC7-101A50323F08}"
EndProject
Global
	GlobalSection(SolutionConfigurationPlatforms) = preSolution
		Debug|Any CPU = Debug|Any CPU
		Release|Any CPU = Release|Any CPU
	EndGlobalSection
	GlobalSection(ProjectConfigurationPlatforms) = postSolution
		{5029B4C4-858D-4384-8096-A7B762098148}.Debug|Any CPU.ActiveCfg = Debug|Any CPU
		{5029B4C4-858D-4384-8096-A7B762098148}.Debug|Any CPU.Build.0 = Debug|Any CPU
		{5029B4C4-858D-4384-8096-A7B762098148}.Release|Any CPU.ActiveCfg = Release|Any CPU
		{5029B4C4-858D-4384-8096-A7B762098148}.Release|Any CPU.Build.0 = Release|Any CPU
		{113AEAD2-8CFD-41EE-8BC7-101A50323F08}.Debug|Any CPU.ActiveCfg = Debug|Any CPU
		{113AEAD2-8CFD-41EE-8BC7-101A50323F08}.Debug|Any CPU.Build.0 = Debug|Any CPU
		{113AEAD2-8CFD-41EE-8BC7-101A50323F08}.Release|Any CPU.ActiveCfg = Release|Any CPU
		{113AEAD2-8CFD-41EE-8BC7-101A50323F08}.Release|Any CPU.Build.0 = Release|Any CPU
	EndGlobalSection
	GlobalSection(SolutionProperties) = preSolution
		HideSolutionNode = FALSE
	EndGlobalSection
EndGlobal
